
Microsoft Visual Studio Solution File, Format Version 12.00
# Visual Studio Version 17
VisualStudioVersion = 17.1.32421.90
MinimumVisualStudioVersion = 10.0.40219.1
Project("{FAE04EC0-301F-11D3-BF4B-00C04F79EFBC}") = "Chapter 20 Tic-Tac-Toe", "Chapter 20 Tic-Tac-Toe.csproj", "{F6C10BF4-A39A-4C0A-A70E-0B3248E1C02B}"
EndProject
Global
	GlobalSection(SolutionConfigurationPlatforms) = preSolution
		Debug|Any CPU = Debug|Any CPU
		Release|Any CPU = Release|Any CPU
	EndGlobalSection
	GlobalSection(ProjectConfigurationPlatforms) = postSolution
		{F6C10BF4-A39A-4C0A-A70E-0B3248E1C02B}.Debug|Any CPU.ActiveCfg = Debug|Any CPU
		{F6C10BF4-A39A-4C0A-A70E-0B3248E1C02B}.Debug|Any CPU.Build.0 = Debug|Any CPU
		{F6C10BF4-A39A-4C0A-A70E-0B3248E1C02B}.Release|Any CPU.ActiveCfg = Release|Any CPU
		{F6C10BF4-A39A-4C0A-A70E-0B3248E1C02B}.Release|Any CPU.Build.0 = Release|Any CPU
	EndGlobalSection
	GlobalSection(SolutionProperties) = preSolution
		HideSolutionNode = FALSE
	EndGlobalSection
	GlobalSection(ExtensibilityGlobals) = postSolution
		SolutionGuid = {94AB52AC-8DBB-42EA-80EA-43B13E58A2D9}
	EndGlobalSection
EndGlobal
